
Microsoft Visual Studio Solution File, Format Version 12.00
# Visual Studio 15
VisualStudioVersion = 15.0.26730.16
MinimumVisualStudioVersion = 10.0.40219.1
Project("{FAE04EC0-301F-11D3-BF4B-00C04F79EFBC}") = "MigracionCarteraJM", "MigracionCarteraJM\MigracionCarteraJM.csproj", "{36413846-5871-4D52-B8BB-676FDC90C788}"
EndProject
Project("{FAE04EC0-301F-11D3-BF4B-00C04F79EFBC}") = "ValidacionArchivosRecibidos", "ValidacionArchivosRecibidos\ValidacionArchivosRecibidos.csproj", "{34E9FB95-3606-4844-9C93-97EAEC5D5721}"
EndProject
Project("{FAE04EC0-301F-11D3-BF4B-00C04F79EFBC}") = "CargaIndividual", "CargaIndividual\CargaIndividual.csproj", "{6A23B45C-74C6-47D4-A928-AF4381FC7AC5}"
EndProject
Global
	GlobalSection(SolutionConfigurationPlatforms) = preSolution
		Debug|Any CPU = Debug|Any CPU
		Release|Any CPU = Release|Any CPU
	EndGlobalSection
	GlobalSection(ProjectConfigurationPlatforms) = postSolution
		{36413846-5871-4D52-B8BB-676FDC90C788}.Debug|Any CPU.ActiveCfg = Debug|Any CPU
		{36413846-5871-4D52-B8BB-676FDC90C788}.Debug|Any CPU.Build.0 = Debug|Any CPU
		{36413846-5871-4D52-B8BB-676FDC90C788}.Release|Any CPU.ActiveCfg = Release|Any CPU
		{36413846-5871-4D52-B8BB-676FDC90C788}.Release|Any CPU.Build.0 = Release|Any CPU
		{34E9FB95-3606-4844-9C93-97EAEC5D5721}.Debug|Any CPU.ActiveCfg = Debug|Any CPU
		{34E9FB95-3606-4844-9C93-97EAEC5D5721}.Debug|Any CPU.Build.0 = Debug|Any CPU
		{34E9FB95-3606-4844-9C93-97EAEC5D5721}.Release|Any CPU.ActiveCfg = Release|Any CPU
		{34E9FB95-3606-4844-9C93-97EAEC5D5721}.Release|Any CPU.Build.0 = Release|Any CPU
		{6A23B45C-74C6-47D4-A928-AF4381FC7AC5}.Debug|Any CPU.ActiveCfg = Debug|Any CPU
		{6A23B45C-74C6-47D4-A928-AF4381FC7AC5}.Debug|Any CPU.Build.0 = Debug|Any CPU
		{6A23B45C-74C6-47D4-A928-AF4381FC7AC5}.Release|Any CPU.ActiveCfg = Release|Any CPU
		{6A23B45C-74C6-47D4-A928-AF4381FC7AC5}.Release|Any CPU.Build.0 = Release|Any CPU
	EndGlobalSection
	GlobalSection(SolutionProperties) = preSolution
		HideSolutionNode = FALSE
	EndGlobalSection
	GlobalSection(ExtensibilityGlobals) = postSolution
		SolutionGuid = {DD29A34C-B58D-4722-9258-74B4FC38A762}
	EndGlobalSection
EndGlobal
